
Microsoft Visual Studio Solution File, Format Version 12.00
# Visual Studio 15
VisualStudioVersion = 15.0.26430.14
MinimumVisualStudioVersion = 10.0.40219.1
Project("{FAE04EC0-301F-11D3-BF4B-00C04F79EFBC}") = "Solution.ArcoMaq", "Solution.ArcoMaq\Solution.ArcoMaq.csproj", "{D6F56801-C651-45DA-A5D1-A70F7A5C4BE7}"
EndProject
Project("{FAE04EC0-301F-11D3-BF4B-00C04F79EFBC}") = "BIZ", "BIZ\BIZ.csproj", "{0240799B-E426-4E24-9FF4-2CB0974506A1}"
EndProject
Project("{FAE04EC0-301F-11D3-BF4B-00C04F79EFBC}") = "DAL", "DAL\DAL.csproj", "{A91B1C87-677D-4EBA-A879-03BEC5449AA6}"
EndProject
Global
	GlobalSection(SolutionConfigurationPlatforms) = preSolution
		Debug|Any CPU = Debug|Any CPU
		Release|Any CPU = Release|Any CPU
	EndGlobalSection
	GlobalSection(ProjectConfigurationPlatforms) = postSolution
		{D6F56801-C651-45DA-A5D1-A70F7A5C4BE7}.Debug|Any CPU.ActiveCfg = Debug|Any CPU
		{D6F56801-C651-45DA-A5D1-A70F7A5C4BE7}.Debug|Any CPU.Build.0 = Debug|Any CPU
		{D6F56801-C651-45DA-A5D1-A70F7A5C4BE7}.Release|Any CPU.ActiveCfg = Release|Any CPU
		{D6F56801-C651-45DA-A5D1-A70F7A5C4BE7}.Release|Any CPU.Build.0 = Release|Any CPU
		{0240799B-E426-4E24-9FF4-2CB0974506A1}.Debug|Any CPU.ActiveCfg = Debug|Any CPU
		{0240799B-E426-4E24-9FF4-2CB0974506A1}.Debug|Any CPU.Build.0 = Debug|Any CPU
		{0240799B-E426-4E24-9FF4-2CB0974506A1}.Release|Any CPU.ActiveCfg = Release|Any CPU
		{0240799B-E426-4E24-9FF4-2CB0974506A1}.Release|Any CPU.Build.0 = Release|Any CPU
		{A91B1C87-677D-4EBA-A879-03BEC5449AA6}.Debug|Any CPU.ActiveCfg = Debug|Any CPU
		{A91B1C87-677D-4EBA-A879-03BEC5449AA6}.Debug|Any CPU.Build.0 = Debug|Any CPU
		{A91B1C87-677D-4EBA-A879-03BEC5449AA6}.Release|Any CPU.ActiveCfg = Release|Any CPU
		{A91B1C87-677D-4EBA-A879-03BEC5449AA6}.Release|Any CPU.Build.0 = Release|Any CPU
	EndGlobalSection
	GlobalSection(SolutionProperties) = preSolution
		HideSolutionNode = FALSE
	EndGlobalSection
EndGlobal
